
Microsoft Visual Studio Solution File, Format Version 12.00
# Visual Studio Version 17
VisualStudioVersion = 17.4.33122.133
MinimumVisualStudioVersion = 10.0.40219.1
Project("{FAE04EC0-301F-11D3-BF4B-00C04F79EFBC}") = "7.8", "7.8\7.8.csproj", "{A0C966A0-F842-40EE-A1BA-572A4A203AA7}"
EndProject
Global
	GlobalSection(SolutionConfigurationPlatforms) = preSolution
		Debug|Any CPU = Debug|Any CPU
		Release|Any CPU = Release|Any CPU
	EndGlobalSection
	GlobalSection(ProjectConfigurationPlatforms) = postSolution
		{A0C966A0-F842-40EE-A1BA-572A4A203AA7}.Debug|Any CPU.ActiveCfg = Debug|Any CPU
		{A0C966A0-F842-40EE-A1BA-572A4A203AA7}.Debug|Any CPU.Build.0 = Debug|Any CPU
		{A0C966A0-F842-40EE-A1BA-572A4A203AA7}.Release|Any CPU.ActiveCfg = Release|Any CPU
		{A0C966A0-F842-40EE-A1BA-572A4A203AA7}.Release|Any CPU.Build.0 = Release|Any CPU
	EndGlobalSection
	GlobalSection(SolutionProperties) = preSolution
		HideSolutionNode = FALSE
	EndGlobalSection
	GlobalSection(ExtensibilityGlobals) = postSolution
		SolutionGuid = {B23C886D-46FF-46C1-B0BF-0254CE7A70FD}
	EndGlobalSection
EndGlobal
